// !$*UTF8*$!
{
	archiveVersion = 1;
	classes = {
	};
	objectVersion = 50;
	objects = {

/* Begin PBXBuildFile section */
		C605A27225178DBC00704167 /* WS.swift in Sources */ = {isa = PBXBuildFile; fileRef = C605A27125178DBC00704167 /* WS.swift */; };
		C605A274251791F200704167 /* WSDelegate.swift in Sources */ = {isa = PBXBuildFile; fileRef = C605A273251791F200704167 /* WSDelegate.swift */; };
		C60C66DD25112661003E22B3 /* DetailViewController.swift in Sources */ = {isa = PBXBuildFile; fileRef = C60C66DC25112661003E22B3 /* DetailViewController.swift */; };
		C61DAE99252F149400C54964 /* Helper.swift in Sources */ = {isa = PBXBuildFile; fileRef = C61DAE98252F149400C54964 /* Helper.swift */; };
		C6E14D102508127100E55957 /* AppDelegate.swift in Sources */ = {isa = PBXBuildFile; fileRef = C6E14D0F2508127100E55957 /* AppDelegate.swift */; };
		C6E14D122508127100E55957 /* SceneDelegate.swift in Sources */ = {isa = PBXBuildFile; fileRef = C6E14D112508127100E55957 /* SceneDelegate.swift */; };
		C6E14D142508127100E55957 /* ViewController.swift in Sources */ = {isa = PBXBuildFile; fileRef = C6E14D132508127100E55957 /* ViewController.swift */; };
		C6E14D172508127100E55957 /* Main.storyboard in Resources */ = {isa = PBXBuildFile; fileRef = C6E14D152508127100E55957 /* Main.storyboard */; };
		C6E14D192508127400E55957 /* Assets.xcassets in Resources */ = {isa = PBXBuildFile; fileRef = C6E14D182508127400E55957 /* Assets.xcassets */; };
		C6E14D1C2508127400E55957 /* LaunchScreen.storyboard in Resources */ = {isa = PBXBuildFile; fileRef = C6E14D1A2508127400E55957 /* LaunchScreen.storyboard */; };
		C6E14D242508EBED00E55957 /* UserData.swift in Sources */ = {isa = PBXBuildFile; fileRef = C6E14D232508EBED00E55957 /* UserData.swift */; };
		C6E14D262508ED8700E55957 /* car.jpg in Resources */ = {isa = PBXBuildFile; fileRef = C6E14D252508ED8600E55957 /* car.jpg */; };
/* End PBXBuildFile section */

/* Begin PBXFileReference section */
		C605A27125178DBC00704167 /* WS.swift */ = {isa = PBXFileReference; lastKnownFileType = sourcecode.swift; path = WS.swift; sourceTree = "<group>"; };
		C605A273251791F200704167 /* WSDelegate.swift */ = {isa = PBXFileReference; lastKnownFileType = sourcecode.swift; path = WSDelegate.swift; sourceTree = "<group>"; };
		C60C66DC25112661003E22B3 /* DetailViewController.swift */ = {isa = PBXFileReference; lastKnownFileType = sourcecode.swift; path = DetailViewController.swift; sourceTree = "<group>"; };
		C61DAE98252F149400C54964 /* Helper.swift */ = {isa = PBXFileReference; lastKnownFileType = sourcecode.swift; path = Helper.swift; sourceTree = "<group>"; };
		C6E14D0C2508127100E55957 /* TestSwift.app */ = {isa = PBXFileReference; explicitFileType = wrapper.application; includeInIndex = 0; path = TestSwift.app; sourceTree = BUILT_PRODUCTS_DIR; };
		C6E14D0F2508127100E55957 /* AppDelegate.swift */ = {isa = PBXFileReference; lastKnownFileType = sourcecode.swift; path = AppDelegate.swift; sourceTree = "<group>"; };
		C6E14D112508127100E55957 /* SceneDelegate.swift */ = {isa = PBXFileReference; lastKnownFileType = sourcecode.swift; path = SceneDelegate.swift; sourceTree = "<group>"; };
		C6E14D132508127100E55957 /* ViewController.swift */ = {isa = PBXFileReference; lastKnownFileType = sourcecode.swift; path = ViewController.swift; sourceTree = "<group>"; };
		C6E14D162508127100E55957 /* Base */ = {isa = PBXFileReference; lastKnownFileType = file.storyboard; name = Base; path = Base.lproj/Main.storyboard; sourceTree = "<group>"; };
		C6E14D182508127400E55957 /* Assets.xcassets */ = {isa = PBXFileReference; lastKnownFileType = folder.assetcatalog; path = Assets.xcassets; sourceTree = "<group>"; };
		C6E14D1B2508127400E55957 /* Base */ = {isa = PBXFileReference; lastKnownFileType = file.storyboard; name = Base; path = Base.lproj/LaunchScreen.storyboard; sourceTree = "<group>"; };
		C6E14D1D2508127400E55957 /* Info.plist */ = {isa = PBXFileReference; lastKnownFileType = text.plist.xml; path = Info.plist; sourceTree = "<group>"; };
		C6E14D232508EBED00E55957 /* UserData.swift */ = {isa = PBXFileReference; lastKnownFileType = sourcecode.swift; path = UserData.swift; sourceTree = "<group>"; };
		C6E14D252508ED8600E55957 /* car.jpg */ = {isa = PBXFileReference; lastKnownFileType = image.jpeg; path = car.jpg; sourceTree = "<group>"; };
/* End PBXFileReference section */

/* Begin PBXFrameworksBuildPhase section */
		C6E14D092508127100E55957 /* Frameworks */ = {
			isa = PBXFrameworksBuildPhase;
			buildActionMask = 2147483647;
			files = (
			);
			runOnlyForDeploymentPostprocessing = 0;
		};
/* End PBXFrameworksBuildPhase section */

/* Begin PBXGroup section */
		C6E14D032508127100E55957 = {
			isa = PBXGroup;
			children = (
				C6E14D0E2508127100E55957 /* TestSwift */,
				C6E14D0D2508127100E55957 /* Products */,
			);
			sourceTree = "<group>";
		};
		C6E14D0D2508127100E55957 /* Products */ = {
			isa = PBXGroup;
			children = (
				C6E14D0C2508127100E55957 /* TestSwift.app */,
			);
			name = Products;
			sourceTree = "<group>";
		};
		C6E14D0E2508127100E55957 /* TestSwift */ = {
			isa = PBXGroup;
			children = (
				C6E14D0F2508127100E55957 /* AppDelegate.swift */,
				C6E14D112508127100E55957 /* SceneDelegate.swift */,
				C6E14D132508127100E55957 /* ViewController.swift */,
				C60C66DC25112661003E22B3 /* DetailViewController.swift */,
				C6E14D232508EBED00E55957 /* UserData.swift */,
				C605A27125178DBC00704167 /* WS.swift */,
				C605A273251791F200704167 /* WSDelegate.swift */,
				C61DAE98252F149400C54964 /* Helper.swift */,
				C6E14D252508ED8600E55957 /* car.jpg */,
				C6E14D152508127100E55957 /* Main.storyboard */,
				C6E14D182508127400E55957 /* Assets.xcassets */,
				C6E14D1A2508127400E55957 /* LaunchScreen.storyboard */,
				C6E14D1D2508127400E55957 /* Info.plist */,
			);
			path = TestSwift;
			sourceTree = "<group>";
		};
/* End PBXGroup section */

/* Begin PBXNativeTarget section */
		C6E14D0B2508127100E55957 /* TestSwift */ = {
			isa = PBXNativeTarget;
			buildConfigurationList = C6E14D202508127400E55957 /* Build configuration list for PBXNativeTarget "TestSwift" */;
			buildPhases = (
				C6E14D082508127100E55957 /* Sources */,
				C6E14D092508127100E55957 /* Frameworks */,
				C6E14D0A2508127100E55957 /* Resources */,
			);
			buildRules = (
			);
			dependencies = (
			);
			name = TestSwift;
			productName = TestSwift;
			productReference = C6E14D0C2508127100E55957 /* TestSwift.app */;
			productType = "com.apple.product-type.application";
		};
/* End PBXNativeTarget section */

/* Begin PBXProject section */
		C6E14D042508127100E55957 /* Project object */ = {
			isa = PBXProject;
			attributes = {
				LastSwiftUpdateCheck = 1140;
				LastUpgradeCheck = 1140;
				ORGANIZATIONNAME = "DigiEd d.o.o.";
				TargetAttributes = {
					C6E14D0B2508127100E55957 = {
						CreatedOnToolsVersion = 11.4.1;
					};
				};
			};
			buildConfigurationList = C6E14D072508127100E55957 /* Build configuration list for PBXProject "TestSwift" */;
			compatibilityVersion = "Xcode 9.3";
			developmentRegion = en;
			hasScannedForEncodings = 0;
			knownRegions = (
				en,
				Base,
			);
			mainGroup = C6E14D032508127100E55957;
			productRefGroup = C6E14D0D2508127100E55957 /* Products */;
			projectDirPath = "";
			projectRoot = "";
			targets = (
				C6E14D0B2508127100E55957 /* TestSwift */,
			);
		};
/* End PBXProject section */

/* Begin PBXResourcesBuildPhase section */
		C6E14D0A2508127100E55957 /* Resources */ = {
			isa = PBXResourcesBuildPhase;
			buildActionMask = 2147483647;
			files = (
				C6E14D1C2508127400E55957 /* LaunchScreen.storyboard in Resources */,
				C6E14D192508127400E55957 /* Assets.xcassets in Resources */,
				C6E14D172508127100E55957 /* Main.storyboard in Resources */,
				C6E14D262508ED8700E55957 /* car.jpg in Resources */,
			);
			runOnlyForDeploymentPostprocessing = 0;
		};
/* End PBXResourcesBuildPhase section */

/* Begin PBXSourcesBuildPhase section */
		C6E14D082508127100E55957 /* Sources */ = {
			isa = PBXSourcesBuildPhase;
			buildActionMask = 2147483647;
			files = (
				C6E14D142508127100E55957 /* ViewController.swift in Sources */,
				C6E14D102508127100E55957 /* AppDelegate.swift in Sources */,
				C60C66DD25112661003E22B3 /* DetailViewController.swift in Sources */,
				C6E14D242508EBED00E55957 /* UserData.swift in Sources */,
				C6E14D122508127100E55957 /* SceneDelegate.swift in Sources */,
				C605A27225178DBC00704167 /* WS.swift in Sources */,
				C605A274251791F200704167 /* WSDelegate.swift in Sources */,
				C61DAE99252F149400C54964 /* Helper.swift in Sources */,
			);
			runOnlyForDeploymentPostprocessing = 0;
		};
/* End PBXSourcesBuildPhase section */

/* Begin PBXVariantGroup section */
		C6E14D152508127100E55957 /* Main.storyboard */ = {
			isa = PBXVariantGroup;
			children = (
				C6E14D162508127100E55957 /* Base */,
			);
			name = Main.storyboard;
			sourceTree = "<group>";
		};
		C6E14D1A2508127400E55957 /* LaunchScreen.storyboard */ = {
			isa = PBXVariantGroup;
			children = (
				C6E14D1B2508127400E55957 /* Base */,
			);
			name = LaunchScreen.storyboard;
			sourceTree = "<group>";
		};
/* End PBXVariantGroup section */

/* Begin XCBuildConfiguration section */
		C6E14D1E2508127400E55957 /* Debug */ = {
			isa = XCBuildConfiguration;
			buildSettings = {
				ALWAYS_SEARCH_USER_PATHS = NO;
				CLANG_ANALYZER_NONNULL = YES;
				CLANG_ANALYZER_NUMBER_OBJECT_CONVERSION = YES_AGGRESSIVE;
				CLANG_CXX_LANGUAGE_STANDARD = "gnu++14";
				CLANG_CXX_LIBRARY = "libc++";
				CLANG_ENABLE_MODULES = YES;
				CLANG_ENABLE_OBJC_ARC = YES;
				CLANG_ENABLE_OBJC_WEAK = YES;
				CLANG_WARN_BLOCK_CAPTURE_AUTORELEASING = YES;
				CLANG_WARN_BOOL_CONVERSION = YES;
				CLANG_WARN_COMMA = YES;
				CLANG_WARN_CONSTANT_CONVERSION = YES;
				CLANG_WARN_DEPRECATED_OBJC_IMPLEMENTATIONS = YES;
				CLANG_WARN_DIRECT_OBJC_ISA_USAGE = YES_ERROR;
				CLANG_WARN_DOCUMENTATION_COMMENTS = YES;
				CLANG_WARN_EMPTY_BODY = YES;
				CLANG_WARN_ENUM_CONVERSION = YES;
				CLANG_WARN_INFINITE_RECURSION = YES;
				CLANG_WARN_INT_CONVERSION = YES;
				CLANG_WARN_NON_LITERAL_NULL_CONVERSION = YES;
				CLANG_WARN_OBJC_IMPLICIT_RETAIN_SELF = YES;
				CLANG_WARN_OBJC_LITERAL_CONVERSION = YES;
				CLANG_WARN_OBJC_ROOT_CLASS = YES_ERROR;
				CLANG_WARN_RANGE_LOOP_ANALYSIS = YES;
				CLANG_WARN_STRICT_PROTOTYPES = YES;
				CLANG_WARN_SUSPICIOUS_MOVE = YES;
				CLANG_WARN_UNGUARDED_AVAILABILITY = YES_AGGRESSIVE;
				CLANG_WARN_UNREACHABLE_CODE = YES;
				CLANG_WARN__DUPLICATE_METHOD_MATCH = YES;
				COPY_PHASE_STRIP = NO;
				DEBUG_INFORMATION_FORMAT = dwarf;
				ENABLE_STRICT_OBJC_MSGSEND = YES;
				ENABLE_TESTABILITY = YES;
				GCC_C_LANGUAGE_STANDARD = gnu11;
				GCC_DYNAMIC_NO_PIC = NO;
				GCC_NO_COMMON_BLOCKS = YES;
				GCC_OPTIMIZATION_LEVEL = 0;
				GCC_PREPROCESSOR_DEFINITIONS = (
					"DEBUG=1",
					"$(inherited)",
				);
				GCC_WARN_64_TO_32_BIT_CONVERSION = YES;
				GCC_WARN_ABOUT_RETURN_TYPE = YES_ERROR;
				GCC_WARN_UNDECLARED_SELECTOR = YES;
				GCC_WARN_UNINITIALIZED_AUTOS = YES_AGGRESSIVE;
				GCC_WARN_UNUSED_FUNCTION = YES;
				GCC_WARN_UNUSED_VARIABLE = YES;
				IPHONEOS_DEPLOYMENT_TARGET = 13.4;
				MTL_ENABLE_DEBUG_INFO = INCLUDE_SOURCE;
				MTL_FAST_MATH = YES;
				ONLY_ACTIVE_ARCH = YES;
				SDKROOT = iphoneos;
				SWIFT_ACTIVE_COMPILATION_CONDITIONS = DEBUG;
				SWIFT_OPTIMIZATION_LEVEL = "-Onone";
			};
			name = Debug;
		};
		C6E14D1F2508127400E55957 /* Release */ = {
			isa = XCBuildConfiguration;
			buildSettings = {
				ALWAYS_SEARCH_USER_PATHS = NO;
				CLANG_ANALYZER_NONNULL = YES;
				CLANG_ANALYZER_NUMBER_OBJECT_CONVERSION = YES_AGGRESSIVE;
				CLANG_CXX_LANGUAGE_STANDARD = "gnu++14";
				CLANG_CXX_LIBRARY = "libc++";
				CLANG_ENABLE_MODULES = YES;
				CLANG_ENABLE_OBJC_ARC = YES;
				CLANG_ENABLE_OBJC_WEAK = YES;
				CLANG_WARN_BLOCK_CAPTURE_AUTORELEASING = YES;
				CLANG_WARN_BOOL_CONVERSION = YES;
				CLANG_WARN_COMMA = YES;
				CLANG_WARN_CONSTANT_CONVERSION = YES;
				CLANG_WARN_DEPRECATED_OBJC_IMPLEMENTATIONS = YES;
				CLANG_WARN_DIRECT_OBJC_ISA_USAGE = YES_ERROR;
				CLANG_WARN_DOCUMENTATION_COMMENTS = YES;
				CLANG_WARN_EMPTY_BODY = YES;
				CLANG_WARN_ENUM_CONVERSION = YES;
				CLANG_WARN_INFINITE_RECURSION = YES;
				CLANG_WARN_INT_CONVERSION = YES;
				CLANG_WARN_NON_LITERAL_NULL_CONVERSION = YES;
				CLANG_WARN_OBJC_IMPLICIT_RETAIN_SELF = YES;
				CLANG_WARN_OBJC_LITERAL_CONVERSION = YES;
				CLANG_WARN_OBJC_ROOT_CLASS = YES_ERROR;
				CLANG_WARN_RANGE_LOOP_ANALYSIS = YES;
				CLANG_WARN_STRICT_PROTOTYPES = YES;
				CLANG_WARN_SUSPICIOUS_MOVE = YES;
				CLANG_WARN_UNGUARDED_AVAILABILITY = YES_AGGRESSIVE;
				CLANG_WARN_UNREACHABLE_CODE = YES;
				CLANG_WARN__DUPLICATE_METHOD_MATCH = YES;
				COPY_PHASE_STRIP = NO;
				DEBUG_INFORMATION_FORMAT = "dwarf-with-dsym";
				ENABLE_NS_ASSERTIONS = NO;
				ENABLE_STRICT_OBJC_MSGSEND = YES;
				GCC_C_LANGUAGE_STANDARD = gnu11;
				GCC_NO_COMMON_BLOCKS = YES;
				GCC_WARN_64_TO_32_BIT_CONVERSION = YES;
				GCC_WARN_ABOUT_RETURN_TYPE = YES_ERROR;
				GCC_WARN_UNDECLARED_SELECTOR = YES;
				GCC_WARN_UNINITIALIZED_AUTOS = YES_AGGRESSIVE;
				GCC_WARN_UNUSED_FUNCTION = YES;
				GCC_WARN_UNUSED_VARIABLE = YES;
				IPHONEOS_DEPLOYMENT_TARGET = 13.4;
				MTL_ENABLE_DEBUG_INFO = NO;
				MTL_FAST_MATH = YES;
				SDKROOT = iphoneos;
				SWIFT_COMPILATION_MODE = wholemodule;
				SWIFT_OPTIMIZATION_LEVEL = "-O";
				VALIDATE_PRODUCT = YES;
			};
			name = Release;
		};
		C6E14D212508127400E55957 /* Debug */ = {
			isa = XCBuildConfiguration;
			buildSettings = {
				ASSETCATALOG_COMPILER_APPICON_NAME = AppIcon;
				CODE_SIGN_STYLE = Automatic;
				DEVELOPMENT_TEAM = 2H2EX5CV56;
				INFOPLIST_FILE = TestSwift/Info.plist;
				LD_RUNPATH_SEARCH_PATHS = (
					"$(inherited)",
					"@executable_path/Frameworks",
				);
				PRODUCT_BUNDLE_IDENTIFIER = si.digied.TestSwift;
				PRODUCT_NAME = "$(TARGET_NAME)";
				SWIFT_VERSION = 5.0;
				TARGETED_DEVICE_FAMILY = "1,2";
			};
			name = Debug;
		};
		C6E14D222508127400E55957 /* Release */ = {
			isa = XCBuildConfiguration;
			buildSettings = {
				ASSETCATALOG_COMPILER_APPICON_NAME = AppIcon;
				CODE_SIGN_STYLE = Automatic;
				DEVELOPMENT_TEAM = 2H2EX5CV56;
				INFOPLIST_FILE = TestSwift/Info.plist;
				LD_RUNPATH_SEARCH_PATHS = (
					"$(inherited)",
					"@executable_path/Frameworks",
				);
				PRODUCT_BUNDLE_IDENTIFIER = si.digied.TestSwift;
				PRODUCT_NAME = "$(TARGET_NAME)";
				SWIFT_VERSION = 5.0;
				TARGETED_DEVICE_FAMILY = "1,2";
			};
			name = Release;
		};
/* End XCBuildConfiguration section */

/* Begin XCConfigurationList section */
		C6E14D072508127100E55957 /* Build configuration list for PBXProject "TestSwift" */ = {
			isa = XCConfigurationList;
			buildConfigurations = (
				C6E14D1E2508127400E55957 /* Debug */,
				C6E14D1F2508127400E55957 /* Release */,
			);
			defaultConfigurationIsVisible = 0;
			defaultConfigurationName = Release;
		};
		C6E14D202508127400E55957 /* Build configuration list for PBXNativeTarget "TestSwift" */ = {
			isa = XCConfigurationList;
			buildConfigurations = (
				C6E14D212508127400E55957 /* Debug */,
				C6E14D222508127400E55957 /* Release */,
			);
			defaultConfigurationIsVisible = 0;
			defaultConfigurationName = Release;
		};
/* End XCConfigurationList section */
	};
	rootObject = C6E14D042508127100E55957 /* Project object */;
}
